
Microsoft Visual Studio Solution File, Format Version 12.00
# Visual Studio 15
VisualStudioVersion = 15.0.27703.2042
MinimumVisualStudioVersion = 10.0.40219.1
Project("{FAE04EC0-301F-11D3-BF4B-00C04F79EFBC}") = "QA.Web.UITests", "QA.Web.UITests\QA.Web.UITests.csproj", "{79231440-4DEA-45FA-A3BB-C547600BBEE9}"
EndProject
Global
	GlobalSection(SolutionConfigurationPlatforms) = preSolution
		Debug|Any CPU = Debug|Any CPU
		Release|Any CPU = Release|Any CPU
	EndGlobalSection
	GlobalSection(ProjectConfigurationPlatforms) = postSolution
		{79231440-4DEA-45FA-A3BB-C547600BBEE9}.Debug|Any CPU.ActiveCfg = Debug|Any CPU
		{79231440-4DEA-45FA-A3BB-C547600BBEE9}.Debug|Any CPU.Build.0 = Debug|Any CPU
		{79231440-4DEA-45FA-A3BB-C547600BBEE9}.Release|Any CPU.ActiveCfg = Release|Any CPU
		{79231440-4DEA-45FA-A3BB-C547600BBEE9}.Release|Any CPU.Build.0 = Release|Any CPU
	EndGlobalSection
	GlobalSection(SolutionProperties) = preSolution
		HideSolutionNode = FALSE
	EndGlobalSection
	GlobalSection(ExtensibilityGlobals) = postSolution
		SolutionGuid = {D48CDF70-EEB8-41E8-95A4-86AB39D1382C}
	EndGlobalSection
EndGlobal
